
Microsoft Visual Studio Solution File, Format Version 12.00
# Visual Studio 15
VisualStudioVersion = 15.0.27703.2042
MinimumVisualStudioVersion = 10.0.40219.1
Project("{FAE04EC0-301F-11D3-BF4B-00C04F79EFBC}") = "AGROMET_API", "AGROMET_API\AGROMET_API.csproj", "{AD17F9A2-71C3-4801-908F-8633DF84FCCB}"
EndProject
Project("{FAE04EC0-301F-11D3-BF4B-00C04F79EFBC}") = "AGROMET_DAL", "AGROMET_DAL\AGROMET_DAL.csproj", "{CBE81B82-B397-4C70-9B33-71C5ED0F145C}"
EndProject
Project("{FAE04EC0-301F-11D3-BF4B-00C04F79EFBC}") = "AGROMET_COMMON", "AGROMET_COMMON\AGROMET_COMMON.csproj", "{FFB9770B-8C36-465C-A9E6-EC7B4745E0E8}"
EndProject
Project("{FAE04EC0-301F-11D3-BF4B-00C04F79EFBC}") = "AGROMET_WEATHER", "AGROMETAPI_WEATHER\AGROMET_WEATHER.csproj", "{FBB12535-9AE5-4B59-AA38-8754D13E47C8}"
EndProject
Project("{FAE04EC0-301F-11D3-BF4B-00C04F79EFBC}") = "AGROMET_MASTERS", "AGROMET_MASTERS\AGROMET_MASTERS.csproj", "{C886A319-F5F2-47EB-986A-5A75215B475C}"
EndProject
Project("{FAE04EC0-301F-11D3-BF4B-00C04F79EFBC}") = "AGROMET_USERS", "AGROMET_USERS\AGROMET_USERS.csproj", "{B1D50ED0-F12D-4FD5-9F76-5A47E020CC08}"
EndProject
Project("{FAE04EC0-301F-11D3-BF4B-00C04F79EFBC}") = "AGROMET_CROPADVISORY", "CropAdvisory\AGROMET_CROPADVISORY.csproj", "{A240ED4E-A42B-4557-B28C-6BCCB4575D05}"
EndProject
Project("{FAE04EC0-301F-11D3-BF4B-00C04F79EFBC}") = "AGROMET_NOTIFICATIONS", "AGROMET_NOTIFICATIONS\AGROMET_NOTIFICATIONS.csproj", "{4432FA0C-E0E6-4850-9A23-F6CC64E883F3}"
EndProject
Project("{FAE04EC0-301F-11D3-BF4B-00C04F79EFBC}") = "AGROMET_SURVEY", "AGROMET_SURVEY\AGROMET_SURVEY.csproj", "{C0C4B05E-79D4-47AD-8DD4-417ADDCE8DDE}"
EndProject
Global
	GlobalSection(SolutionConfigurationPlatforms) = preSolution
		Debug|Any CPU = Debug|Any CPU
		Release|Any CPU = Release|Any CPU
	EndGlobalSection
	GlobalSection(ProjectConfigurationPlatforms) = postSolution
		{AD17F9A2-71C3-4801-908F-8633DF84FCCB}.Debug|Any CPU.ActiveCfg = Debug|Any CPU
		{AD17F9A2-71C3-4801-908F-8633DF84FCCB}.Debug|Any CPU.Build.0 = Debug|Any CPU
		{AD17F9A2-71C3-4801-908F-8633DF84FCCB}.Release|Any CPU.ActiveCfg = Release|Any CPU
		{AD17F9A2-71C3-4801-908F-8633DF84FCCB}.Release|Any CPU.Build.0 = Release|Any CPU
		{CBE81B82-B397-4C70-9B33-71C5ED0F145C}.Debug|Any CPU.ActiveCfg = Debug|Any CPU
		{CBE81B82-B397-4C70-9B33-71C5ED0F145C}.Debug|Any CPU.Build.0 = Debug|Any CPU
		{CBE81B82-B397-4C70-9B33-71C5ED0F145C}.Release|Any CPU.ActiveCfg = Release|Any CPU
		{CBE81B82-B397-4C70-9B33-71C5ED0F145C}.Release|Any CPU.Build.0 = Release|Any CPU
		{FFB9770B-8C36-465C-A9E6-EC7B4745E0E8}.Debug|Any CPU.ActiveCfg = Debug|Any CPU
		{FFB9770B-8C36-465C-A9E6-EC7B4745E0E8}.Debug|Any CPU.Build.0 = Debug|Any CPU
		{FFB9770B-8C36-465C-A9E6-EC7B4745E0E8}.Release|Any CPU.ActiveCfg = Release|Any CPU
		{FFB9770B-8C36-465C-A9E6-EC7B4745E0E8}.Release|Any CPU.Build.0 = Release|Any CPU
		{FBB12535-9AE5-4B59-AA38-8754D13E47C8}.Debug|Any CPU.ActiveCfg = Debug|Any CPU
		{FBB12535-9AE5-4B59-AA38-8754D13E47C8}.Debug|Any CPU.Build.0 = Debug|Any CPU
		{FBB12535-9AE5-4B59-AA38-8754D13E47C8}.Release|Any CPU.ActiveCfg = Release|Any CPU
		{FBB12535-9AE5-4B59-AA38-8754D13E47C8}.Release|Any CPU.Build.0 = Release|Any CPU
		{C886A319-F5F2-47EB-986A-5A75215B475C}.Debug|Any CPU.ActiveCfg = Debug|Any CPU
		{C886A319-F5F2-47EB-986A-5A75215B475C}.Debug|Any CPU.Build.0 = Debug|Any CPU
		{C886A319-F5F2-47EB-986A-5A75215B475C}.Release|Any CPU.ActiveCfg = Release|Any CPU
		{C886A319-F5F2-47EB-986A-5A75215B475C}.Release|Any CPU.Build.0 = Release|Any CPU
		{B1D50ED0-F12D-4FD5-9F76-5A47E020CC08}.Debug|Any CPU.ActiveCfg = Debug|Any CPU
		{B1D50ED0-F12D-4FD5-9F76-5A47E020CC08}.Debug|Any CPU.Build.0 = Debug|Any CPU
		{B1D50ED0-F12D-4FD5-9F76-5A47E020CC08}.Release|Any CPU.ActiveCfg = Release|Any CPU
		{B1D50ED0-F12D-4FD5-9F76-5A47E020CC08}.Release|Any CPU.Build.0 = Release|Any CPU
		{A240ED4E-A42B-4557-B28C-6BCCB4575D05}.Debug|Any CPU.ActiveCfg = Debug|Any CPU
		{A240ED4E-A42B-4557-B28C-6BCCB4575D05}.Debug|Any CPU.Build.0 = Debug|Any CPU
		{A240ED4E-A42B-4557-B28C-6BCCB4575D05}.Release|Any CPU.ActiveCfg = Release|Any CPU
		{A240ED4E-A42B-4557-B28C-6BCCB4575D05}.Release|Any CPU.Build.0 = Release|Any CPU
		{4432FA0C-E0E6-4850-9A23-F6CC64E883F3}.Debug|Any CPU.ActiveCfg = Debug|Any CPU
		{4432FA0C-E0E6-4850-9A23-F6CC64E883F3}.Debug|Any CPU.Build.0 = Debug|Any CPU
		{4432FA0C-E0E6-4850-9A23-F6CC64E883F3}.Release|Any CPU.ActiveCfg = Release|Any CPU
		{4432FA0C-E0E6-4850-9A23-F6CC64E883F3}.Release|Any CPU.Build.0 = Release|Any CPU
		{C0C4B05E-79D4-47AD-8DD4-417ADDCE8DDE}.Debug|Any CPU.ActiveCfg = Debug|Any CPU
		{C0C4B05E-79D4-47AD-8DD4-417ADDCE8DDE}.Debug|Any CPU.Build.0 = Debug|Any CPU
		{C0C4B05E-79D4-47AD-8DD4-417ADDCE8DDE}.Release|Any CPU.ActiveCfg = Release|Any CPU
		{C0C4B05E-79D4-47AD-8DD4-417ADDCE8DDE}.Release|Any CPU.Build.0 = Release|Any CPU
	EndGlobalSection
	GlobalSection(SolutionProperties) = preSolution
		HideSolutionNode = FALSE
	EndGlobalSection
	GlobalSection(ExtensibilityGlobals) = postSolution
		SolutionGuid = {AE9815AD-2612-482A-A5FF-3EBA462D3E50}
	EndGlobalSection
	GlobalSection(TeamFoundationVersionControl) = preSolution
		SccNumberOfProjects = 10
		SccEnterpriseProvider = {4CA58AB2-18FA-4F8D-95D4-32DDF27D184C}
		SccTeamFoundationServer = https://palsvsts-projects.visualstudio.com/
		SccLocalPath0 = .
		SccProjectUniqueName1 = AGROMET_API\\AGROMET_API.csproj
		SccProjectName1 = AGROMET_API
		SccLocalPath1 = AGROMET_API
		SccProjectUniqueName2 = AGROMET_COMMON\\AGROMET_COMMON.csproj
		SccProjectName2 = AGROMET_COMMON
		SccLocalPath2 = AGROMET_COMMON
		SccProjectUniqueName3 = AGROMET_DAL\\AGROMET_DAL.csproj
		SccProjectName3 = AGROMET_DAL
		SccLocalPath3 = AGROMET_DAL
		SccProjectUniqueName4 = AGROMET_MASTERS\\AGROMET_MASTERS.csproj
		SccProjectName4 = AGROMET_MASTERS
		SccLocalPath4 = AGROMET_MASTERS
		SccProjectUniqueName5 = AGROMET_NOTIFICATIONS\\AGROMET_NOTIFICATIONS.csproj
		SccProjectName5 = AGROMET_NOTIFICATIONS
		SccLocalPath5 = AGROMET_NOTIFICATIONS
		SccProjectUniqueName6 = AGROMET_SURVEY\\AGROMET_SURVEY.csproj
		SccProjectName6 = AGROMET_SURVEY
		SccLocalPath6 = AGROMET_SURVEY
		SccProjectUniqueName7 = AGROMET_USERS\\AGROMET_USERS.csproj
		SccProjectName7 = AGROMET_USERS
		SccLocalPath7 = AGROMET_USERS
		SccProjectUniqueName8 = AGROMETAPI_WEATHER\\AGROMET_WEATHER.csproj
		SccProjectName8 = AGROMETAPI_WEATHER
		SccLocalPath8 = AGROMETAPI_WEATHER
		SccProjectUniqueName9 = CropAdvisory\\AGROMET_CROPADVISORY.csproj
		SccProjectName9 = CropAdvisory
		SccLocalPath9 = CropAdvisory
	EndGlobalSection
EndGlobal
