
Microsoft Visual Studio Solution File, Format Version 12.00
# Visual Studio 15
VisualStudioVersion = 15.0.28010.2026
MinimumVisualStudioVersion = 10.0.40219.1
Project("{FAE04EC0-301F-11D3-BF4B-00C04F79EFBC}") = "AGROMET", "AGROMET\AGROMET.csproj", "{078430D1-86AB-4D8E-A748-87367AE60C74}"
EndProject
Project("{FAE04EC0-301F-11D3-BF4B-00C04F79EFBC}") = "AGROMET.Tests", "AGROMET.Tests\AGROMET.Tests.csproj", "{5D037638-1F3E-48BB-8C46-35FC779B0108}"
EndProject
Global
	GlobalSection(SolutionConfigurationPlatforms) = preSolution
		Debug|Any CPU = Debug|Any CPU
		Release|Any CPU = Release|Any CPU
	EndGlobalSection
	GlobalSection(ProjectConfigurationPlatforms) = postSolution
		{078430D1-86AB-4D8E-A748-87367AE60C74}.Debug|Any CPU.ActiveCfg = Debug|Any CPU
		{078430D1-86AB-4D8E-A748-87367AE60C74}.Debug|Any CPU.Build.0 = Debug|Any CPU
		{078430D1-86AB-4D8E-A748-87367AE60C74}.Release|Any CPU.ActiveCfg = Release|Any CPU
		{078430D1-86AB-4D8E-A748-87367AE60C74}.Release|Any CPU.Build.0 = Release|Any CPU
		{5D037638-1F3E-48BB-8C46-35FC779B0108}.Debug|Any CPU.ActiveCfg = Debug|Any CPU
		{5D037638-1F3E-48BB-8C46-35FC779B0108}.Debug|Any CPU.Build.0 = Debug|Any CPU
		{5D037638-1F3E-48BB-8C46-35FC779B0108}.Release|Any CPU.ActiveCfg = Release|Any CPU
		{5D037638-1F3E-48BB-8C46-35FC779B0108}.Release|Any CPU.Build.0 = Release|Any CPU
	EndGlobalSection
	GlobalSection(SolutionProperties) = preSolution
		HideSolutionNode = FALSE
	EndGlobalSection
	GlobalSection(ExtensibilityGlobals) = postSolution
		SolutionGuid = {B8A1B74F-CABF-4600-A70F-AC7E9D271658}
	EndGlobalSection
	GlobalSection(TeamFoundationVersionControl) = preSolution
		SccNumberOfProjects = 3
		SccEnterpriseProvider = {4CA58AB2-18FA-4F8D-95D4-32DDF27D184C}
		SccTeamFoundationServer = https://palsvsts-projects.visualstudio.com/
		SccLocalPath0 = .
		SccProjectUniqueName1 = AGROMET.Tests\\AGROMET.Tests.csproj
		SccProjectName1 = AGROMET.Tests
		SccLocalPath1 = AGROMET.Tests
		SccProjectUniqueName2 = AGROMET\\AGROMET.csproj
		SccProjectName2 = AGROMET
		SccLocalPath2 = AGROMET
	EndGlobalSection
EndGlobal
